
Microsoft Visual Studio Solution File, Format Version 12.00
# Visual Studio Version 17
VisualStudioVersion = 17.5.33516.290
MinimumVisualStudioVersion = 10.0.40219.1
Project("{FAE04EC0-301F-11D3-BF4B-00C04F79EFBC}") = "Palkanlaskin2", "Palkanlaskin2\Palkanlaskin2.csproj", "{268F5246-C461-4F21-B899-659FB8F0E11D}"
EndProject
Global
	GlobalSection(SolutionConfigurationPlatforms) = preSolution
		Debug|Any CPU = Debug|Any CPU
		Release|Any CPU = Release|Any CPU
	EndGlobalSection
	GlobalSection(ProjectConfigurationPlatforms) = postSolution
		{268F5246-C461-4F21-B899-659FB8F0E11D}.Debug|Any CPU.ActiveCfg = Debug|Any CPU
		{268F5246-C461-4F21-B899-659FB8F0E11D}.Debug|Any CPU.Build.0 = Debug|Any CPU
		{268F5246-C461-4F21-B899-659FB8F0E11D}.Release|Any CPU.ActiveCfg = Release|Any CPU
		{268F5246-C461-4F21-B899-659FB8F0E11D}.Release|Any CPU.Build.0 = Release|Any CPU
	EndGlobalSection
	GlobalSection(SolutionProperties) = preSolution
		HideSolutionNode = FALSE
	EndGlobalSection
	GlobalSection(ExtensibilityGlobals) = postSolution
		SolutionGuid = {CBD56D04-F66C-458A-8F98-C5DB8CAF1BDF}
	EndGlobalSection
EndGlobal
